
Microsoft Visual Studio Solution File, Format Version 12.00
# Visual Studio Version 17
VisualStudioVersion = 17.5.002.0
MinimumVisualStudioVersion = 10.0.40219.1
Project("{9A19103F-16F7-4668-BE54-9A1E7A4F7556}") = "sample1", "sample1\sample1.csproj", "{197C3CDA-CB77-44D8-A951-3263FD3D8CDD}"
EndProject
Global
	GlobalSection(SolutionConfigurationPlatforms) = preSolution
		Debug|Any CPU = Debug|Any CPU
		Release|Any CPU = Release|Any CPU
	EndGlobalSection
	GlobalSection(ProjectConfigurationPlatforms) = postSolution
		{197C3CDA-CB77-44D8-A951-3263FD3D8CDD}.Debug|Any CPU.ActiveCfg = Debug|Any CPU
		{197C3CDA-CB77-44D8-A951-3263FD3D8CDD}.Debug|Any CPU.Build.0 = Debug|Any CPU
		{197C3CDA-CB77-44D8-A951-3263FD3D8CDD}.Release|Any CPU.ActiveCfg = Release|Any CPU
		{197C3CDA-CB77-44D8-A951-3263FD3D8CDD}.Release|Any CPU.Build.0 = Release|Any CPU
	EndGlobalSection
	GlobalSection(SolutionProperties) = preSolution
		HideSolutionNode = FALSE
	EndGlobalSection
	GlobalSection(ExtensibilityGlobals) = postSolution
		SolutionGuid = {5F03C3FB-35B3-4D0A-8EF3-5BD6ECF1EA83}
	EndGlobalSection
EndGlobal
